uuid: bc9fc694-1b8d-496e-a89b-157ac2531d10
langcode: en
status: true
dependencies:
  config:
    - block_content.type.category_block
  module:
    - content_translation
third_party_settings:
  content_translation:
    enabled: true
    bundle_settings:
      untranslatable_fields_hide: '0'
id: block_content.category_block
target_entity_type_id: block_content
target_bundle: category_block
default_langcode: site_default
language_alterable: true
